{
  "name": "@rbcministries/cdk-patterns",
  "version": "0.1.2",
  "lockfileVersion": 1,
  "requires": true,
  "dependencies": {
    "@aws-cdk/assets": {
      "version": "1.151.0",
      "resolved": "https://registry.npmjs.org/@aws-cdk/assets/-/assets-1.151.0.tgz",
      "integrity": "sha512-Na9Xf99HAHYHmo3Avo8r8gX/9z7a1vu7lm2Fv92omgwXXuxwDvOnBu5/CoYY5FM+yQ+YNEgcgCUmXghNtaeokg==",
      "requires": {
        "@aws-cdk/core": "1.151.0",
        "@aws-cdk/cx-api": "1.151.0",
        "constructs": "^3.3.69"
      },
      "dependencies": {
        "constructs": {
          "version": "3.3.258",
          "resolved": "https://registry.npmjs.org/constructs/-/constructs-3.3.258.tgz",
          "integrity": "sha512-Ftmvs8teETMhmoV1Uk0A0QRRbWaRTatkdyDBRVBmHvUgp/NehEFAnV220Gk7L+yoAr9gKsH+B5GSpNn0jg2YLg=="
        }
      }
    },
    "@aws-cdk/aws-acmpca": {
      "version": "1.151.0",
      "resolved": "https://registry.npmjs.org/@aws-cdk/aws-acmpca/-/aws-acmpca-1.151.0.tgz",
      "integrity": "sha512-+AwitlRVXO+HRyZaqbQ0hozZzEwqygYRkzr6tuMKXYN12olzHwEb7D+kZs8yi3ZR1ndg431G853trlAtnIL2qA==",
      "requires": {
        "@aws-cdk/core": "1.151.0",
        "constructs": "^3.3.69"
      },
      "dependencies": {
        "constructs": {
          "version": "3.3.258",
          "resolved": "https://registry.npmjs.org/constructs/-/constructs-3.3.258.tgz",
          "integrity": "sha512-Ftmvs8teETMhmoV1Uk0A0QRRbWaRTatkdyDBRVBmHvUgp/NehEFAnV220Gk7L+yoAr9gKsH+B5GSpNn0jg2YLg=="
        }
      }
    },
    "@aws-cdk/aws-applicationautoscaling": {
      "version": "1.151.0",
      "resolved": "https://registry.npmjs.org/@aws-cdk/aws-applicationautoscaling/-/aws-applicationautoscaling-1.151.0.tgz",
      "integrity": "sha512-0N38BUhb0t8Q+AB7E6vfrGKXsRUyEsSqa7jCtZIyDcufJtxZdiV42YGZelEXbMJHA0HWz2xkUpQyEGBaw4DsFA==",
      "requires": {
        "@aws-cdk/aws-autoscaling-common": "1.151.0",
        "@aws-cdk/aws-cloudwatch": "1.151.0",
        "@aws-cdk/aws-iam": "1.151.0",
        "@aws-cdk/core": "1.151.0",
        "constructs": "^3.3.69"
      },
      "dependencies": {
        "constructs": {
          "version": "3.3.258",
          "resolved": "https://registry.npmjs.org/constructs/-/constructs-3.3.258.tgz",
          "integrity": "sha512-Ftmvs8teETMhmoV1Uk0A0QRRbWaRTatkdyDBRVBmHvUgp/NehEFAnV220Gk7L+yoAr9gKsH+B5GSpNn0jg2YLg=="
        }
      }
    },
    "@aws-cdk/aws-autoscaling-common": {
      "version": "1.151.0",
      "resolved": "https://registry.npmjs.org/@aws-cdk/aws-autoscaling-common/-/aws-autoscaling-common-1.151.0.tgz",
      "integrity": "sha512-hb88y4ddkYin3qMGUqnCtcOyKgBlW4Fye9eRkYdA5r+n3RyzBLnUYzasDtTCVPWPptiS0xjkocWLnU+LCIDzvw==",
      "requires": {
        "@aws-cdk/aws-iam": "1.151.0",
        "@aws-cdk/core": "1.151.0",
        "constructs": "^3.3.69"
      },
      "dependencies": {
        "constructs": {
          "version": "3.3.258",
          "resolved": "https://registry.npmjs.org/constructs/-/constructs-3.3.258.tgz",
          "integrity": "sha512-Ftmvs8teETMhmoV1Uk0A0QRRbWaRTatkdyDBRVBmHvUgp/NehEFAnV220Gk7L+yoAr9gKsH+B5GSpNn0jg2YLg=="
        }
      }
    },
    "@aws-cdk/aws-certificatemanager": {
      "version": "1.151.0",
      "resolved": "https://registry.npmjs.org/@aws-cdk/aws-certificatemanager/-/aws-certificatemanager-1.151.0.tgz",
      "integrity": "sha512-ZoVdKYoAmNedTMdc57K59055xUJyjARL40QJVuWr6vc56w8L2hvB+rCqLhaCSkk4sLYNi1TUtV8WGRdAaSBFUA==",
      "requires": {
        "@aws-cdk/aws-acmpca": "1.151.0",
        "@aws-cdk/aws-cloudwatch": "1.151.0",
        "@aws-cdk/aws-iam": "1.151.0",
        "@aws-cdk/aws-lambda": "1.151.0",
        "@aws-cdk/aws-route53": "1.151.0",
        "@aws-cdk/core": "1.151.0",
        "constructs": "^3.3.69"
      },
      "dependencies": {
        "constructs": {
          "version": "3.3.258",
          "resolved": "https://registry.npmjs.org/constructs/-/constructs-3.3.258.tgz",
          "integrity": "sha512-Ftmvs8teETMhmoV1Uk0A0QRRbWaRTatkdyDBRVBmHvUgp/NehEFAnV220Gk7L+yoAr9gKsH+B5GSpNn0jg2YLg=="
        }
      }
    },
    "@aws-cdk/aws-cloudformation": {
      "version": "1.151.0",
      "resolved": "https://registry.npmjs.org/@aws-cdk/aws-cloudformation/-/aws-cloudformation-1.151.0.tgz",
      "integrity": "sha512-x+byAx6A5FFTaIK/VTDOG5c+C8yn3xiYyDDdUeyRjQYzfFTx7doG8KhBE6W6ej/r986PtsA3M/d6+F2AjLz+UA==",
      "requires": {
        "@aws-cdk/aws-iam": "1.151.0",
        "@aws-cdk/aws-lambda": "1.151.0",
        "@aws-cdk/aws-s3": "1.151.0",
        "@aws-cdk/aws-sns": "1.151.0",
        "@aws-cdk/core": "1.151.0",
        "@aws-cdk/cx-api": "1.151.0",
        "constructs": "^3.3.69"
      },
      "dependencies": {
        "constructs": {
          "version": "3.3.258",
          "resolved": "https://registry.npmjs.org/constructs/-/constructs-3.3.258.tgz",
          "integrity": "sha512-Ftmvs8teETMhmoV1Uk0A0QRRbWaRTatkdyDBRVBmHvUgp/NehEFAnV220Gk7L+yoAr9gKsH+B5GSpNn0jg2YLg=="
        }
      }
    },
    "@aws-cdk/aws-cloudfront": {
      "version": "1.151.0",
      "resolved": "https://registry.npmjs.org/@aws-cdk/aws-cloudfront/-/aws-cloudfront-1.151.0.tgz",
      "integrity": "sha512-tlszX5/q4C2s+bbf7/141L50tmTAUYfdxHxXbfWTgQsdnkIxgCrkoFseEQZLkFHAOaKOQTgQODd01hGrBIhk7Q==",
      "requires": {
        "@aws-cdk/aws-certificatemanager": "1.151.0",
        "@aws-cdk/aws-cloudwatch": "1.151.0",
        "@aws-cdk/aws-ec2": "1.151.0",
        "@aws-cdk/aws-iam": "1.151.0",
        "@aws-cdk/aws-kms": "1.151.0",
        "@aws-cdk/aws-lambda": "1.151.0",
        "@aws-cdk/aws-s3": "1.151.0",
        "@aws-cdk/aws-ssm": "1.151.0",
        "@aws-cdk/core": "1.151.0",
        "@aws-cdk/cx-api": "1.151.0",
        "constructs": "^3.3.69"
      },
      "dependencies": {
        "constructs": {
          "version": "3.3.258",
          "resolved": "https://registry.npmjs.org/constructs/-/constructs-3.3.258.tgz",
          "integrity": "sha512-Ftmvs8teETMhmoV1Uk0A0QRRbWaRTatkdyDBRVBmHvUgp/NehEFAnV220Gk7L+yoAr9gKsH+B5GSpNn0jg2YLg=="
        }
      }
    },
    "@aws-cdk/aws-cloudfront-origins": {
      "version": "1.151.0",
      "resolved": "https://registry.npmjs.org/@aws-cdk/aws-cloudfront-origins/-/aws-cloudfront-origins-1.151.0.tgz",
      "integrity": "sha512-mnm0U1ntzROoCzsTgrTy7MLI2LtRb1Cn+M1Rde10nvbzRkO6jvICJc5eDSGT4nCzLjQWCy94RHPie0i1TASC1Q==",
      "requires": {
        "@aws-cdk/aws-cloudfront": "1.151.0",
        "@aws-cdk/aws-elasticloadbalancingv2": "1.151.0",
        "@aws-cdk/aws-iam": "1.151.0",
        "@aws-cdk/aws-s3": "1.151.0",
        "@aws-cdk/core": "1.151.0",
        "constructs": "^3.3.69"
      },
      "dependencies": {
        "constructs": {
          "version": "3.3.258",
          "resolved": "https://registry.npmjs.org/constructs/-/constructs-3.3.258.tgz",
          "integrity": "sha512-Ftmvs8teETMhmoV1Uk0A0QRRbWaRTatkdyDBRVBmHvUgp/NehEFAnV220Gk7L+yoAr9gKsH+B5GSpNn0jg2YLg=="
        }
      }
    },
    "@aws-cdk/aws-cloudwatch": {
      "version": "1.151.0",
      "resolved": "https://registry.npmjs.org/@aws-cdk/aws-cloudwatch/-/aws-cloudwatch-1.151.0.tgz",
      "integrity": "sha512-rPGb4aAqy9lxwG8buvKSQDpMBJ7cY7W80DbSUJiZ977BDuolq0/zCWtM15uzdbG0t+8de5vqvJEFxdi4rJZsRg==",
      "requires": {
        "@aws-cdk/aws-iam": "1.151.0",
        "@aws-cdk/core": "1.151.0",
        "constructs": "^3.3.69"
      },
      "dependencies": {
        "constructs": {
          "version": "3.3.258",
          "resolved": "https://registry.npmjs.org/constructs/-/constructs-3.3.258.tgz",
          "integrity": "sha512-Ftmvs8teETMhmoV1Uk0A0QRRbWaRTatkdyDBRVBmHvUgp/NehEFAnV220Gk7L+yoAr9gKsH+B5GSpNn0jg2YLg=="
        }
      }
    },
    "@aws-cdk/aws-codeguruprofiler": {
      "version": "1.151.0",
      "resolved": "https://registry.npmjs.org/@aws-cdk/aws-codeguruprofiler/-/aws-codeguruprofiler-1.151.0.tgz",
      "integrity": "sha512-NCBkbMeLdWVDeo1OazBzkUD4JrTePX6v+EPlb/+rRWPcpWCREcyJX+A4a5u2T6l2N5guHXaTs75tXHIoEcLMkg==",
      "requires": {
        "@aws-cdk/aws-iam": "1.151.0",
        "@aws-cdk/core": "1.151.0",
        "constructs": "^3.3.69"
      },
      "dependencies": {
        "constructs": {
          "version": "3.3.258",
          "resolved": "https://registry.npmjs.org/constructs/-/constructs-3.3.258.tgz",
          "integrity": "sha512-Ftmvs8teETMhmoV1Uk0A0QRRbWaRTatkdyDBRVBmHvUgp/NehEFAnV220Gk7L+yoAr9gKsH+B5GSpNn0jg2YLg=="
        }
      }
    },
    "@aws-cdk/aws-codestarnotifications": {
      "version": "1.151.0",
      "resolved": "https://registry.npmjs.org/@aws-cdk/aws-codestarnotifications/-/aws-codestarnotifications-1.151.0.tgz",
      "integrity": "sha512-ADyi/2kvEj7y0u+etuKuOp++tskEsaGCtb4WydsEbVuOykT+rrYiQ2pes/D9APUly5fnf77ihND6fT24qukmRg==",
      "requires": {
        "@aws-cdk/core": "1.151.0",
        "constructs": "^3.3.69"
      },
      "dependencies": {
        "constructs": {
          "version": "3.3.258",
          "resolved": "https://registry.npmjs.org/constructs/-/constructs-3.3.258.tgz",
          "integrity": "sha512-Ftmvs8teETMhmoV1Uk0A0QRRbWaRTatkdyDBRVBmHvUgp/NehEFAnV220Gk7L+yoAr9gKsH+B5GSpNn0jg2YLg=="
        }
      }
    },
    "@aws-cdk/aws-ec2": {
      "version": "1.151.0",
      "resolved": "https://registry.npmjs.org/@aws-cdk/aws-ec2/-/aws-ec2-1.151.0.tgz",
      "integrity": "sha512-6oCqf42ODX1HUKlQgtUE/zHnqzgqeV2dnNoyqMGUP53Qj8pkWHY5r2uTmVnSk3YX2UsP4UbKeQYPOWEff9uh1g==",
      "requires": {
        "@aws-cdk/aws-cloudwatch": "1.151.0",
        "@aws-cdk/aws-iam": "1.151.0",
        "@aws-cdk/aws-kms": "1.151.0",
        "@aws-cdk/aws-logs": "1.151.0",
        "@aws-cdk/aws-s3": "1.151.0",
        "@aws-cdk/aws-s3-assets": "1.151.0",
        "@aws-cdk/aws-ssm": "1.151.0",
        "@aws-cdk/cloud-assembly-schema": "1.151.0",
        "@aws-cdk/core": "1.151.0",
        "@aws-cdk/cx-api": "1.151.0",
        "@aws-cdk/region-info": "1.151.0",
        "constructs": "^3.3.69"
      },
      "dependencies": {
        "constructs": {
          "version": "3.3.258",
          "resolved": "https://registry.npmjs.org/constructs/-/constructs-3.3.258.tgz",
          "integrity": "sha512-Ftmvs8teETMhmoV1Uk0A0QRRbWaRTatkdyDBRVBmHvUgp/NehEFAnV220Gk7L+yoAr9gKsH+B5GSpNn0jg2YLg=="
        }
      }
    },
    "@aws-cdk/aws-ecr": {
      "version": "1.151.0",
      "resolved": "https://registry.npmjs.org/@aws-cdk/aws-ecr/-/aws-ecr-1.151.0.tgz",
      "integrity": "sha512-QrpVYn+4IvJiB2FBv0M37FVwsNxMndKzXrvpCR/RJ7usrzhdWYAJhLr/1xfJ6MTaoevxuINzelfAOJYSy9XSAw==",
      "requires": {
        "@aws-cdk/aws-events": "1.151.0",
        "@aws-cdk/aws-iam": "1.151.0",
        "@aws-cdk/aws-kms": "1.151.0",
        "@aws-cdk/core": "1.151.0",
        "constructs": "^3.3.69"
      },
      "dependencies": {
        "constructs": {
          "version": "3.3.258",
          "resolved": "https://registry.npmjs.org/constructs/-/constructs-3.3.258.tgz",
          "integrity": "sha512-Ftmvs8teETMhmoV1Uk0A0QRRbWaRTatkdyDBRVBmHvUgp/NehEFAnV220Gk7L+yoAr9gKsH+B5GSpNn0jg2YLg=="
        }
      }
    },
    "@aws-cdk/aws-ecr-assets": {
      "version": "1.151.0",
      "resolved": "https://registry.npmjs.org/@aws-cdk/aws-ecr-assets/-/aws-ecr-assets-1.151.0.tgz",
      "integrity": "sha512-G1eV/Fen4+IrEApv+CPxCO7MOQaNfGyutxsTcTJ2i391UBRTSeuSz2Cz0HKT2rhPG8kQn3EMIvvONpu3AdqpJA==",
      "requires": {
        "@aws-cdk/assets": "1.151.0",
        "@aws-cdk/aws-ecr": "1.151.0",
        "@aws-cdk/aws-iam": "1.151.0",
        "@aws-cdk/aws-s3": "1.151.0",
        "@aws-cdk/core": "1.151.0",
        "@aws-cdk/cx-api": "1.151.0",
        "constructs": "^3.3.69"
      },
      "dependencies": {
        "constructs": {
          "version": "3.3.258",
          "resolved": "https://registry.npmjs.org/constructs/-/constructs-3.3.258.tgz",
          "integrity": "sha512-Ftmvs8teETMhmoV1Uk0A0QRRbWaRTatkdyDBRVBmHvUgp/NehEFAnV220Gk7L+yoAr9gKsH+B5GSpNn0jg2YLg=="
        }
      }
    },
    "@aws-cdk/aws-efs": {
      "version": "1.151.0",
      "resolved": "https://registry.npmjs.org/@aws-cdk/aws-efs/-/aws-efs-1.151.0.tgz",
      "integrity": "sha512-tRx46wko3YjiHRQxdg5J564MwZO5GU9N4Mc+DMhiIL8NMSItWiHO3TKTSy3D5H6TDdkOimu75U0V9rbLDYC1Bg==",
      "requires": {
        "@aws-cdk/aws-ec2": "1.151.0",
        "@aws-cdk/aws-iam": "1.151.0",
        "@aws-cdk/aws-kms": "1.151.0",
        "@aws-cdk/cloud-assembly-schema": "1.151.0",
        "@aws-cdk/core": "1.151.0",
        "@aws-cdk/cx-api": "1.151.0",
        "constructs": "^3.3.69"
      },
      "dependencies": {
        "constructs": {
          "version": "3.3.258",
          "resolved": "https://registry.npmjs.org/constructs/-/constructs-3.3.258.tgz",
          "integrity": "sha512-Ftmvs8teETMhmoV1Uk0A0QRRbWaRTatkdyDBRVBmHvUgp/NehEFAnV220Gk7L+yoAr9gKsH+B5GSpNn0jg2YLg=="
        }
      }
    },
    "@aws-cdk/aws-elasticloadbalancingv2": {
      "version": "1.151.0",
      "resolved": "https://registry.npmjs.org/@aws-cdk/aws-elasticloadbalancingv2/-/aws-elasticloadbalancingv2-1.151.0.tgz",
      "integrity": "sha512-BLCUQSAUX4KfdE7x+r+Ehs5bKSsp3fFHgjnhNSyvngG6OB7oAPCKFZW/klr+ic2n4vd9JSg6nX1U0sqdS9SYsA==",
      "requires": {
        "@aws-cdk/aws-certificatemanager": "1.151.0",
        "@aws-cdk/aws-cloudwatch": "1.151.0",
        "@aws-cdk/aws-ec2": "1.151.0",
        "@aws-cdk/aws-iam": "1.151.0",
        "@aws-cdk/aws-lambda": "1.151.0",
        "@aws-cdk/aws-s3": "1.151.0",
        "@aws-cdk/cloud-assembly-schema": "1.151.0",
        "@aws-cdk/core": "1.151.0",
        "@aws-cdk/cx-api": "1.151.0",
        "@aws-cdk/region-info": "1.151.0",
        "constructs": "^3.3.69"
      },
      "dependencies": {
        "constructs": {
          "version": "3.3.258",
          "resolved": "https://registry.npmjs.org/constructs/-/constructs-3.3.258.tgz",
          "integrity": "sha512-Ftmvs8teETMhmoV1Uk0A0QRRbWaRTatkdyDBRVBmHvUgp/NehEFAnV220Gk7L+yoAr9gKsH+B5GSpNn0jg2YLg=="
        }
      }
    },
    "@aws-cdk/aws-events": {
      "version": "1.151.0",
      "resolved": "https://registry.npmjs.org/@aws-cdk/aws-events/-/aws-events-1.151.0.tgz",
      "integrity": "sha512-QP0lGJnMl8E0ucG606HYMUJ8ltsNf/sK9EF+Zai0TcmKin66nebbS9ZVdHsnaNIoALbJ1xOwVBgZkBkrdQp7ng==",
      "requires": {
        "@aws-cdk/aws-iam": "1.151.0",
        "@aws-cdk/core": "1.151.0",
        "constructs": "^3.3.69"
      },
      "dependencies": {
        "constructs": {
          "version": "3.3.258",
          "resolved": "https://registry.npmjs.org/constructs/-/constructs-3.3.258.tgz",
          "integrity": "sha512-Ftmvs8teETMhmoV1Uk0A0QRRbWaRTatkdyDBRVBmHvUgp/NehEFAnV220Gk7L+yoAr9gKsH+B5GSpNn0jg2YLg=="
        }
      }
    },
    "@aws-cdk/aws-iam": {
      "version": "1.151.0",
      "resolved": "https://registry.npmjs.org/@aws-cdk/aws-iam/-/aws-iam-1.151.0.tgz",
      "integrity": "sha512-omFy/gSyvubbSPPSixZomkCMNIFYY17yyH28tVG0mOByjtGkBhi+BxT8/w2Psm+aUBzzN2KOz/h4mk8EvPdspg==",
      "requires": {
        "@aws-cdk/core": "1.151.0",
        "@aws-cdk/cx-api": "1.151.0",
        "@aws-cdk/region-info": "1.151.0",
        "constructs": "^3.3.69"
      },
      "dependencies": {
        "constructs": {
          "version": "3.3.258",
          "resolved": "https://registry.npmjs.org/constructs/-/constructs-3.3.258.tgz",
          "integrity": "sha512-Ftmvs8teETMhmoV1Uk0A0QRRbWaRTatkdyDBRVBmHvUgp/NehEFAnV220Gk7L+yoAr9gKsH+B5GSpNn0jg2YLg=="
        }
      }
    },
    "@aws-cdk/aws-kms": {
      "version": "1.151.0",
      "resolved": "https://registry.npmjs.org/@aws-cdk/aws-kms/-/aws-kms-1.151.0.tgz",
      "integrity": "sha512-J6qQQ376TZIOVOmF/hgOJ/w5/KZRIuCLB/v5wLhNCzWUrLFgbte4R3wcC9cLCaBtfFf3X8WMmHsoZJzlKZqpzg==",
      "requires": {
        "@aws-cdk/aws-iam": "1.151.0",
        "@aws-cdk/cloud-assembly-schema": "1.151.0",
        "@aws-cdk/core": "1.151.0",
        "@aws-cdk/cx-api": "1.151.0",
        "constructs": "^3.3.69"
      },
      "dependencies": {
        "constructs": {
          "version": "3.3.258",
          "resolved": "https://registry.npmjs.org/constructs/-/constructs-3.3.258.tgz",
          "integrity": "sha512-Ftmvs8teETMhmoV1Uk0A0QRRbWaRTatkdyDBRVBmHvUgp/NehEFAnV220Gk7L+yoAr9gKsH+B5GSpNn0jg2YLg=="
        }
      }
    },
    "@aws-cdk/aws-lambda": {
      "version": "1.151.0",
      "resolved": "https://registry.npmjs.org/@aws-cdk/aws-lambda/-/aws-lambda-1.151.0.tgz",
      "integrity": "sha512-msZsxoleB9Z0B8MBe2Je04A2FsWPue/xKBqno1+5rwQIn6cW+ZLP0IFS1R7mRhkU9sjDdpgLdkJ0u34mSv81wQ==",
      "requires": {
        "@aws-cdk/aws-applicationautoscaling": "1.151.0",
        "@aws-cdk/aws-cloudwatch": "1.151.0",
        "@aws-cdk/aws-codeguruprofiler": "1.151.0",
        "@aws-cdk/aws-ec2": "1.151.0",
        "@aws-cdk/aws-ecr": "1.151.0",
        "@aws-cdk/aws-ecr-assets": "1.151.0",
        "@aws-cdk/aws-efs": "1.151.0",
        "@aws-cdk/aws-events": "1.151.0",
        "@aws-cdk/aws-iam": "1.151.0",
        "@aws-cdk/aws-kms": "1.151.0",
        "@aws-cdk/aws-logs": "1.151.0",
        "@aws-cdk/aws-s3": "1.151.0",
        "@aws-cdk/aws-s3-assets": "1.151.0",
        "@aws-cdk/aws-signer": "1.151.0",
        "@aws-cdk/aws-sns": "1.151.0",
        "@aws-cdk/aws-sqs": "1.151.0",
        "@aws-cdk/core": "1.151.0",
        "@aws-cdk/cx-api": "1.151.0",
        "@aws-cdk/region-info": "1.151.0",
        "constructs": "^3.3.69"
      },
      "dependencies": {
        "constructs": {
          "version": "3.3.258",
          "resolved": "https://registry.npmjs.org/constructs/-/constructs-3.3.258.tgz",
          "integrity": "sha512-Ftmvs8teETMhmoV1Uk0A0QRRbWaRTatkdyDBRVBmHvUgp/NehEFAnV220Gk7L+yoAr9gKsH+B5GSpNn0jg2YLg=="
        }
      }
    },
    "@aws-cdk/aws-lambda-nodejs": {
      "version": "1.151.0",
      "resolved": "https://registry.npmjs.org/@aws-cdk/aws-lambda-nodejs/-/aws-lambda-nodejs-1.151.0.tgz",
      "integrity": "sha512-GpVEwK3dsMZhM15/GgezDGppArxVKF21A5jC3xDwqGLPSvmoOsOGzpvP0Mubpad2iyyh6EzZx+TiqAwwiy99RA==",
      "requires": {
        "@aws-cdk/aws-lambda": "1.151.0",
        "@aws-cdk/core": "1.151.0",
        "constructs": "^3.3.69"
      },
      "dependencies": {
        "constructs": {
          "version": "3.3.258",
          "resolved": "https://registry.npmjs.org/constructs/-/constructs-3.3.258.tgz",
          "integrity": "sha512-Ftmvs8teETMhmoV1Uk0A0QRRbWaRTatkdyDBRVBmHvUgp/NehEFAnV220Gk7L+yoAr9gKsH+B5GSpNn0jg2YLg=="
        }
      }
    },
    "@aws-cdk/aws-logs": {
      "version": "1.151.0",
      "resolved": "https://registry.npmjs.org/@aws-cdk/aws-logs/-/aws-logs-1.151.0.tgz",
      "integrity": "sha512-I1LQFCyVXAuTIW/7G2Kxb11ZC6vLn0H2/igMl/fdcqsfbOz9E3MuOeocREfnCdIotqeFIHGwRIO2zrjz9IxtBA==",
      "requires": {
        "@aws-cdk/aws-cloudwatch": "1.151.0",
        "@aws-cdk/aws-iam": "1.151.0",
        "@aws-cdk/aws-kms": "1.151.0",
        "@aws-cdk/aws-s3-assets": "1.151.0",
        "@aws-cdk/core": "1.151.0",
        "@aws-cdk/cx-api": "1.151.0",
        "constructs": "^3.3.69"
      },
      "dependencies": {
        "constructs": {
          "version": "3.3.258",
          "resolved": "https://registry.npmjs.org/constructs/-/constructs-3.3.258.tgz",
          "integrity": "sha512-Ftmvs8teETMhmoV1Uk0A0QRRbWaRTatkdyDBRVBmHvUgp/NehEFAnV220Gk7L+yoAr9gKsH+B5GSpNn0jg2YLg=="
        }
      }
    },
    "@aws-cdk/aws-route53": {
      "version": "1.151.0",
      "resolved": "https://registry.npmjs.org/@aws-cdk/aws-route53/-/aws-route53-1.151.0.tgz",
      "integrity": "sha512-dFcmpvubkHJW8ODzMPIH7bIRDTjPyYGJ0EbYabbhejqsGHJ5qjpW6g7BP4vCLPzBx+mqpQst9tX+yM48AdKEWg==",
      "requires": {
        "@aws-cdk/aws-ec2": "1.151.0",
        "@aws-cdk/aws-iam": "1.151.0",
        "@aws-cdk/aws-logs": "1.151.0",
        "@aws-cdk/cloud-assembly-schema": "1.151.0",
        "@aws-cdk/core": "1.151.0",
        "@aws-cdk/custom-resources": "1.151.0",
        "constructs": "^3.3.69"
      },
      "dependencies": {
        "constructs": {
          "version": "3.3.258",
          "resolved": "https://registry.npmjs.org/constructs/-/constructs-3.3.258.tgz",
          "integrity": "sha512-Ftmvs8teETMhmoV1Uk0A0QRRbWaRTatkdyDBRVBmHvUgp/NehEFAnV220Gk7L+yoAr9gKsH+B5GSpNn0jg2YLg=="
        }
      }
    },
    "@aws-cdk/aws-s3": {
      "version": "1.151.0",
      "resolved": "https://registry.npmjs.org/@aws-cdk/aws-s3/-/aws-s3-1.151.0.tgz",
      "integrity": "sha512-GZZVZChAAoU5bxEn/i/zkmSEiDJiWVx0f+FxNGqEdFvCoYGlHnu7bxw3PlzPyp5eBnzELkgueNYMwrZ1cTGzBw==",
      "requires": {
        "@aws-cdk/aws-events": "1.151.0",
        "@aws-cdk/aws-iam": "1.151.0",
        "@aws-cdk/aws-kms": "1.151.0",
        "@aws-cdk/core": "1.151.0",
        "@aws-cdk/cx-api": "1.151.0",
        "constructs": "^3.3.69"
      },
      "dependencies": {
        "constructs": {
          "version": "3.3.258",
          "resolved": "https://registry.npmjs.org/constructs/-/constructs-3.3.258.tgz",
          "integrity": "sha512-Ftmvs8teETMhmoV1Uk0A0QRRbWaRTatkdyDBRVBmHvUgp/NehEFAnV220Gk7L+yoAr9gKsH+B5GSpNn0jg2YLg=="
        }
      }
    },
    "@aws-cdk/aws-s3-assets": {
      "version": "1.151.0",
      "resolved": "https://registry.npmjs.org/@aws-cdk/aws-s3-assets/-/aws-s3-assets-1.151.0.tgz",
      "integrity": "sha512-Isxg0zKeKEzabJQpTb7z0jR2aZUWHuMVec61GZ8mZyoaotGg2095WXwYFiFLGiKtQHyE4pgp+EePgGYNKu2ISQ==",
      "requires": {
        "@aws-cdk/assets": "1.151.0",
        "@aws-cdk/aws-iam": "1.151.0",
        "@aws-cdk/aws-kms": "1.151.0",
        "@aws-cdk/aws-s3": "1.151.0",
        "@aws-cdk/core": "1.151.0",
        "@aws-cdk/cx-api": "1.151.0",
        "constructs": "^3.3.69"
      },
      "dependencies": {
        "constructs": {
          "version": "3.3.258",
          "resolved": "https://registry.npmjs.org/constructs/-/constructs-3.3.258.tgz",
          "integrity": "sha512-Ftmvs8teETMhmoV1Uk0A0QRRbWaRTatkdyDBRVBmHvUgp/NehEFAnV220Gk7L+yoAr9gKsH+B5GSpNn0jg2YLg=="
        }
      }
    },
    "@aws-cdk/aws-signer": {
      "version": "1.151.0",
      "resolved": "https://registry.npmjs.org/@aws-cdk/aws-signer/-/aws-signer-1.151.0.tgz",
      "integrity": "sha512-NbdfYjoKLdTnryadLFjqJenZdpOxBuyWitC7E78wOnhvp+Q0BMkufDEWoT1AVMbEOZEllzFqKt1gAxs/QQzSpg==",
      "requires": {
        "@aws-cdk/core": "1.151.0",
        "constructs": "^3.3.69"
      },
      "dependencies": {
        "constructs": {
          "version": "3.3.258",
          "resolved": "https://registry.npmjs.org/constructs/-/constructs-3.3.258.tgz",
          "integrity": "sha512-Ftmvs8teETMhmoV1Uk0A0QRRbWaRTatkdyDBRVBmHvUgp/NehEFAnV220Gk7L+yoAr9gKsH+B5GSpNn0jg2YLg=="
        }
      }
    },
    "@aws-cdk/aws-sns": {
      "version": "1.151.0",
      "resolved": "https://registry.npmjs.org/@aws-cdk/aws-sns/-/aws-sns-1.151.0.tgz",
      "integrity": "sha512-s0ZsAw3rmnaHTl5uRkX9LkLtnHWqNEpAelQ+jRiCThnKK9kW7zvKyrq4lG9HjqU2sQTYtSC2e7Q33co0U6LVRw==",
      "requires": {
        "@aws-cdk/aws-cloudwatch": "1.151.0",
        "@aws-cdk/aws-codestarnotifications": "1.151.0",
        "@aws-cdk/aws-events": "1.151.0",
        "@aws-cdk/aws-iam": "1.151.0",
        "@aws-cdk/aws-kms": "1.151.0",
        "@aws-cdk/aws-sqs": "1.151.0",
        "@aws-cdk/core": "1.151.0",
        "constructs": "^3.3.69"
      },
      "dependencies": {
        "constructs": {
          "version": "3.3.258",
          "resolved": "https://registry.npmjs.org/constructs/-/constructs-3.3.258.tgz",
          "integrity": "sha512-Ftmvs8teETMhmoV1Uk0A0QRRbWaRTatkdyDBRVBmHvUgp/NehEFAnV220Gk7L+yoAr9gKsH+B5GSpNn0jg2YLg=="
        }
      }
    },
    "@aws-cdk/aws-sqs": {
      "version": "1.151.0",
      "resolved": "https://registry.npmjs.org/@aws-cdk/aws-sqs/-/aws-sqs-1.151.0.tgz",
      "integrity": "sha512-RUi1uCDpHkhjaqQviqU0M5yLTUyVw4KHR8uEGNr+1IpCGbsNUOOBKpFrLNgIRG3xrozN4JTffLtwvFEQ32Tcuw==",
      "requires": {
        "@aws-cdk/aws-cloudwatch": "1.151.0",
        "@aws-cdk/aws-iam": "1.151.0",
        "@aws-cdk/aws-kms": "1.151.0",
        "@aws-cdk/core": "1.151.0",
        "constructs": "^3.3.69"
      },
      "dependencies": {
        "constructs": {
          "version": "3.3.258",
          "resolved": "https://registry.npmjs.org/constructs/-/constructs-3.3.258.tgz",
          "integrity": "sha512-Ftmvs8teETMhmoV1Uk0A0QRRbWaRTatkdyDBRVBmHvUgp/NehEFAnV220Gk7L+yoAr9gKsH+B5GSpNn0jg2YLg=="
        }
      }
    },
    "@aws-cdk/aws-ssm": {
      "version": "1.151.0",
      "resolved": "https://registry.npmjs.org/@aws-cdk/aws-ssm/-/aws-ssm-1.151.0.tgz",
      "integrity": "sha512-U3lBRNr7jIAlFbVGFd8BLsOvkfndIPx/gxUvVvqTYCE1U8x4+WJsrUUPOYUQ8NMrAWIYmEyAB15JwWS5WkiEXg==",
      "requires": {
        "@aws-cdk/aws-iam": "1.151.0",
        "@aws-cdk/aws-kms": "1.151.0",
        "@aws-cdk/cloud-assembly-schema": "1.151.0",
        "@aws-cdk/core": "1.151.0",
        "constructs": "^3.3.69"
      },
      "dependencies": {
        "constructs": {
          "version": "3.3.258",
          "resolved": "https://registry.npmjs.org/constructs/-/constructs-3.3.258.tgz",
          "integrity": "sha512-Ftmvs8teETMhmoV1Uk0A0QRRbWaRTatkdyDBRVBmHvUgp/NehEFAnV220Gk7L+yoAr9gKsH+B5GSpNn0jg2YLg=="
        }
      }
    },
    "@aws-cdk/cloud-assembly-schema": {
      "version": "1.151.0",
      "resolved": "https://registry.npmjs.org/@aws-cdk/cloud-assembly-schema/-/cloud-assembly-schema-1.151.0.tgz",
      "integrity": "sha512-834VCEiM1nxWOxCVocmxoT5r13dkhXVmuy3HxrzdLPTFZnoz8fO+sEhocjOc5OqvinGLEFo5Pva2VK92vl4CJg==",
      "requires": {
        "jsonschema": "^1.4.0",
        "semver": "^7.3.5"
      },
      "dependencies": {
        "jsonschema": {
          "version": "1.4.0",
          "bundled": true
        },
        "lru-cache": {
          "version": "6.0.0",
          "bundled": true,
          "requires": {
            "yallist": "^4.0.0"
          }
        },
        "semver": {
          "version": "7.3.5",
          "bundled": true,
          "requires": {
            "lru-cache": "^6.0.0"
          }
        },
        "yallist": {
          "version": "4.0.0",
          "bundled": true
        }
      }
    },
    "@aws-cdk/core": {
      "version": "1.151.0",
      "resolved": "https://registry.npmjs.org/@aws-cdk/core/-/core-1.151.0.tgz",
      "integrity": "sha512-O/0Xu+cQhpW7Z7ZW4xgjD8ZOCR9LjijpaHELjyXnIakaH+NWBX4wy317mI5MzGTUw0fpt2FWJrCcgKekuhj0Rw==",
      "requires": {
        "@aws-cdk/cloud-assembly-schema": "1.151.0",
        "@aws-cdk/cx-api": "1.151.0",
        "@aws-cdk/region-info": "1.151.0",
        "@balena/dockerignore": "^1.0.2",
        "constructs": "^3.3.69",
        "fs-extra": "^9.1.0",
        "ignore": "^5.2.0",
        "minimatch": "^3.1.2"
      },
      "dependencies": {
        "@balena/dockerignore": {
          "version": "1.0.2",
          "bundled": true
        },
        "at-least-node": {
          "version": "1.0.0",
          "bundled": true
        },
        "balanced-match": {
          "version": "1.0.2",
          "bundled": true
        },
        "brace-expansion": {
          "version": "1.1.11",
          "bundled": true,
          "requires": {
            "balanced-match": "^1.0.0",
            "concat-map": "0.0.1"
          }
        },
        "concat-map": {
          "version": "0.0.1",
          "bundled": true
        },
        "constructs": {
          "version": "3.3.258",
          "resolved": "https://registry.npmjs.org/constructs/-/constructs-3.3.258.tgz",
          "integrity": "sha512-Ftmvs8teETMhmoV1Uk0A0QRRbWaRTatkdyDBRVBmHvUgp/NehEFAnV220Gk7L+yoAr9gKsH+B5GSpNn0jg2YLg=="
        },
        "fs-extra": {
          "version": "9.1.0",
          "bundled": true,
          "requires": {
            "at-least-node": "^1.0.0",
            "graceful-fs": "^4.2.0",
            "jsonfile": "^6.0.1",
            "universalify": "^2.0.0"
          }
        },
        "graceful-fs": {
          "version": "4.2.9",
          "bundled": true
        },
        "ignore": {
          "version": "5.2.0",
          "bundled": true
        },
        "jsonfile": {
          "version": "6.1.0",
          "bundled": true,
          "requires": {
            "graceful-fs": "^4.1.6",
            "universalify": "^2.0.0"
          }
        },
        "minimatch": {
          "version": "3.1.2",
          "bundled": true,
          "requires": {
            "brace-expansion": "^1.1.7"
          }
        },
        "universalify": {
          "version": "2.0.0",
          "bundled": true
        }
      }
    },
    "@aws-cdk/custom-resources": {
      "version": "1.151.0",
      "resolved": "https://registry.npmjs.org/@aws-cdk/custom-resources/-/custom-resources-1.151.0.tgz",
      "integrity": "sha512-sirwOPVeRx6fD97yTJTDpP3ZWZFqM4Ba654vfmuI40kuXXdgMLPVHkKlmaKqeoIp83lkTGxI3TtLZNtFsB2IyA==",
      "requires": {
        "@aws-cdk/aws-cloudformation": "1.151.0",
        "@aws-cdk/aws-ec2": "1.151.0",
        "@aws-cdk/aws-iam": "1.151.0",
        "@aws-cdk/aws-lambda": "1.151.0",
        "@aws-cdk/aws-logs": "1.151.0",
        "@aws-cdk/aws-sns": "1.151.0",
        "@aws-cdk/core": "1.151.0",
        "constructs": "^3.3.69"
      },
      "dependencies": {
        "constructs": {
          "version": "3.3.258",
          "resolved": "https://registry.npmjs.org/constructs/-/constructs-3.3.258.tgz",
          "integrity": "sha512-Ftmvs8teETMhmoV1Uk0A0QRRbWaRTatkdyDBRVBmHvUgp/NehEFAnV220Gk7L+yoAr9gKsH+B5GSpNn0jg2YLg=="
        }
      }
    },
    "@aws-cdk/cx-api": {
      "version": "1.151.0",
      "resolved": "https://registry.npmjs.org/@aws-cdk/cx-api/-/cx-api-1.151.0.tgz",
      "integrity": "sha512-Hn7MqwlFUqOw1zD7o35eU4HuJwfXTOHjPLfiLdBMhNfXuzqCQT3IdxqQCiyjcSfg0Q3h65osAz+a6xlkDL5N2A==",
      "requires": {
        "@aws-cdk/cloud-assembly-schema": "1.151.0",
        "semver": "^7.3.5"
      },
      "dependencies": {
        "lru-cache": {
          "version": "6.0.0",
          "bundled": true,
          "requires": {
            "yallist": "^4.0.0"
          }
        },
        "semver": {
          "version": "7.3.5",
          "bundled": true,
          "requires": {
            "lru-cache": "^6.0.0"
          }
        },
        "yallist": {
          "version": "4.0.0",
          "bundled": true
        }
      }
    },
    "@aws-cdk/region-info": {
      "version": "1.151.0",
      "resolved": "https://registry.npmjs.org/@aws-cdk/region-info/-/region-info-1.151.0.tgz",
      "integrity": "sha512-rfsYmCX2hIwXuu5Rv6UEgwPXHZN111CgnNjnNg9GVpOMpbH+bKzqbeamcwOOh0ETr4Hvi1DIwvLQAOfvhYqd9g=="
    },
    "@types/json5": {
      "version": "0.0.29",
      "resolved": "https://registry.npmjs.org/@types/json5/-/json5-0.0.29.tgz",
      "integrity": "sha1-7ihweulOEdK4J7y+UnC86n8+ce4=",
      "dev": true
    },
    "@types/node": {
      "version": "17.0.23",
      "resolved": "https://registry.npmjs.org/@types/node/-/node-17.0.23.tgz",
      "integrity": "sha512-UxDxWn7dl97rKVeVS61vErvw086aCYhDLyvRQZ5Rk65rZKepaFdm53GeqXaKBuOhED4e9uWq34IC3TdSdJJ2Gw==",
      "dev": true
    },
    "@types/path-type": {
      "version": "3.0.1",
      "resolved": "https://registry.npmjs.org/@types/path-type/-/path-type-3.0.1.tgz",
      "integrity": "sha512-mdAEf6REJio9aPcAaYzIBXYW/oGFiX4M3NnKMQ8xI1P/XCdcj/t2RYKwpW9LfGN+TF1W+6T1Yx0O++OTI+UsbA==",
      "dev": true,
      "requires": {
        "path-type": "*"
      }
    },
    "aws-cdk-lib": {
      "version": "2.19.0",
      "resolved": "https://registry.npmjs.org/aws-cdk-lib/-/aws-cdk-lib-2.19.0.tgz",
      "integrity": "sha512-zt0lAsTpYfrDitjJXp1smEi4o1EYtAAj4fb0WW4GYBW+P6FqymXyAF5mUT8YWPkMJTnSP8d4FeDUyatQVWYRJA==",
      "requires": {
        "@balena/dockerignore": "^1.0.2",
        "case": "1.6.3",
        "fs-extra": "^9.1.0",
        "ignore": "^5.2.0",
        "jsonschema": "^1.4.0",
        "minimatch": "^3.1.2",
        "punycode": "^2.1.1",
        "semver": "^7.3.5",
        "yaml": "1.10.2"
      },
      "dependencies": {
        "@balena/dockerignore": {
          "version": "1.0.2",
          "bundled": true
        },
        "at-least-node": {
          "version": "1.0.0",
          "bundled": true
        },
        "balanced-match": {
          "version": "1.0.2",
          "bundled": true
        },
        "brace-expansion": {
          "version": "1.1.11",
          "bundled": true,
          "requires": {
            "balanced-match": "^1.0.0",
            "concat-map": "0.0.1"
          }
        },
        "case": {
          "version": "1.6.3",
          "bundled": true
        },
        "concat-map": {
          "version": "0.0.1",
          "bundled": true
        },
        "fs-extra": {
          "version": "9.1.0",
          "bundled": true,
          "requires": {
            "at-least-node": "^1.0.0",
            "graceful-fs": "^4.2.0",
            "jsonfile": "^6.0.1",
            "universalify": "^2.0.0"
          }
        },
        "graceful-fs": {
          "version": "4.2.9",
          "bundled": true
        },
        "ignore": {
          "version": "5.2.0",
          "bundled": true
        },
        "jsonfile": {
          "version": "6.1.0",
          "bundled": true,
          "requires": {
            "graceful-fs": "^4.1.6",
            "universalify": "^2.0.0"
          }
        },
        "jsonschema": {
          "version": "1.4.0",
          "bundled": true
        },
        "lru-cache": {
          "version": "6.0.0",
          "bundled": true,
          "requires": {
            "yallist": "^4.0.0"
          }
        },
        "minimatch": {
          "version": "3.1.2",
          "bundled": true,
          "requires": {
            "brace-expansion": "^1.1.7"
          }
        },
        "punycode": {
          "version": "2.1.1",
          "bundled": true
        },
        "semver": {
          "version": "7.3.5",
          "bundled": true,
          "requires": {
            "lru-cache": "^6.0.0"
          }
        },
        "universalify": {
          "version": "2.0.0",
          "bundled": true
        },
        "yallist": {
          "version": "4.0.0",
          "bundled": true
        },
        "yaml": {
          "version": "1.10.2",
          "bundled": true
        }
      }
    },
    "axios": {
      "version": "0.26.1",
      "resolved": "https://registry.npmjs.org/axios/-/axios-0.26.1.tgz",
      "integrity": "sha512-fPwcX4EvnSHuInCMItEhAGnaSEXRBjtzh9fOtsE6E1G6p7vl7edEeZe11QHf18+6+9gR5PbKV/sGKNaD8YaMeA==",
      "requires": {
        "follow-redirects": "^1.14.8"
      }
    },
    "constructs": {
      "version": "10.0.105",
      "resolved": "https://registry.npmjs.org/constructs/-/constructs-10.0.105.tgz",
      "integrity": "sha512-VA1Y+HK34IkEdBsZigz7OKhD2NX72t5MH7dUsApfd1G8yRL7ELo1dZDk1AtwNzj1tSO6kEdYuqbhi2bzT1GJsg=="
    },
    "follow-redirects": {
      "version": "1.14.9",
      "resolved": "https://registry.npmjs.org/follow-redirects/-/follow-redirects-1.14.9.tgz",
      "integrity": "sha512-MQDfihBQYMcyy5dhRDJUHcw7lb2Pv/TuE6xP1vyraLukNDHKbDxDNaOE3NbCAdKQApno+GPRyo1YAp89yCjK4w=="
    },
    "inherits": {
      "version": "2.0.3",
      "resolved": "https://registry.npmjs.org/inherits/-/inherits-2.0.3.tgz",
      "integrity": "sha1-Yzwsg+PaQqUC9SRmAiSA9CCCYd4="
    },
    "json5": {
      "version": "1.0.1",
      "resolved": "https://registry.npmjs.org/json5/-/json5-1.0.1.tgz",
      "integrity": "sha512-aKS4WQjPenRxiQsC93MNfjx+nbF4PAdYzmd/1JIj8HYzqfbu86beTuNgXDzPknWk0n0uARlyewZo4s++ES36Ow==",
      "dev": true,
      "requires": {
        "minimist": "^1.2.0"
      }
    },
    "minimist": {
      "version": "1.2.6",
      "resolved": "https://registry.npmjs.org/minimist/-/minimist-1.2.6.tgz",
      "integrity": "sha512-Jsjnk4bw3YJqYzbdyBiNsPWHPfO++UGG749Cxs6peCu5Xg4nrena6OVxOYxrQTqww0Jmwt+Ref8rggumkTLz9Q==",
      "dev": true
    },
    "path": {
      "version": "0.12.7",
      "resolved": "https://registry.npmjs.org/path/-/path-0.12.7.tgz",
      "integrity": "sha1-1NwqUGxM4hl+tIHr/NWzbAFAsQ8=",
      "requires": {
        "process": "^0.11.1",
        "util": "^0.10.3"
      }
    },
    "path-type": {
      "version": "5.0.0",
      "resolved": "https://registry.npmjs.org/path-type/-/path-type-5.0.0.tgz",
      "integrity": "sha512-5HviZNaZcfqP95rwpv+1HDgUamezbqdSYTyzjTvwtJSnIH+3vnbmWsItli8OFEndS984VT55M3jduxZbX351gg==",
      "dev": true
    },
    "process": {
      "version": "0.11.10",
      "resolved": "https://registry.npmjs.org/process/-/process-0.11.10.tgz",
      "integrity": "sha1-czIwDoQBYb2j5podHZGn1LwW8YI="
    },
    "strip-bom": {
      "version": "3.0.0",
      "resolved": "https://registry.npmjs.org/strip-bom/-/strip-bom-3.0.0.tgz",
      "integrity": "sha1-IzTBjpx1n3vdVv3vfprj1YjmjtM=",
      "dev": true
    },
    "tsconfig-paths": {
      "version": "3.14.1",
      "resolved": "https://registry.npmjs.org/tsconfig-paths/-/tsconfig-paths-3.14.1.tgz",
      "integrity": "sha512-fxDhWnFSLt3VuTwtvJt5fpwxBHg5AdKWMsgcPOOIilyjymcYVZoCQF8fvFRezCNfblEXmi+PcM1eYHeOAgXCOQ==",
      "dev": true,
      "requires": {
        "@types/json5": "^0.0.29",
        "json5": "^1.0.1",
        "minimist": "^1.2.6",
        "strip-bom": "^3.0.0"
      }
    },
    "typescript": {
      "version": "4.6.3",
      "resolved": "https://registry.npmjs.org/typescript/-/typescript-4.6.3.tgz",
      "integrity": "sha512-yNIatDa5iaofVozS/uQJEl3JRWLKKGJKh6Yaiv0GLGSuhpFJe7P3SbHZ8/yjAHRQwKRoA6YZqlfjXWmVzoVSMw==",
      "dev": true
    },
    "util": {
      "version": "0.10.4",
      "resolved": "https://registry.npmjs.org/util/-/util-0.10.4.tgz",
      "integrity": "sha512-0Pm9hTQ3se5ll1XihRic3FDIku70C+iHUdT/W926rSgHV5QgXsYbKZN8MSC3tJtSkhuROzvsQjAaFENRXr+19A==",
      "requires": {
        "inherits": "2.0.3"
      }
    }
  }
}
